Microsoft Visual Studio Solution File, Format Version 12.00
# Visual Studio Version 17
VisualStudioVersion = 17.5.2.0
MinimumVisualStudioVersion = 10.0.40219.1
Project("{FAE04EC0-301F-11D3-BF4B-00C04F79EFBC}") = "MiniFlexCrmApi", "MiniFlexCrmApi\MiniFlexCrmApi.csproj", "{74DC83DE-5242-44C5-5496-2990247604CA}"
EndProject
Project("{FAE04EC0-301F-11D3-BF4B-00C04F79EFBC}") = "MiniFlexCrmApi.Tests", "MiniFlexCrmApi.Tests\MiniFlexCrmApi.Tests.csproj", "{C7BDFC9F-3A23-8B30-EF59-2559EA7A8C38}"
EndProject
Global
	GlobalSection(SolutionConfigurationPlatforms) = preSolution
		Debug|Any CPU = Debug|Any CPU
		Release|Any CPU = Release|Any CPU
	EndGlobalSection
	GlobalSection(ProjectConfigurationPlatforms) = postSolution
		{74DC83DE-5242-44C5-5496-2990247604CA}.Debug|Any CPU.ActiveCfg = Debug|Any CPU
		{74DC83DE-5242-44C5-5496-2990247604CA}.Debug|Any CPU.Build.0 = Debug|Any CPU
		{74DC83DE-5242-44C5-5496-2990247604CA}.Release|Any CPU.ActiveCfg = Release|Any CPU
		{74DC83DE-5242-44C5-5496-2990247604CA}.Release|Any CPU.Build.0 = Release|Any CPU
		{C7BDFC9F-3A23-8B30-EF59-2559EA7A8C38}.Debug|Any CPU.ActiveCfg = Debug|Any CPU
		{C7BDFC9F-3A23-8B30-EF59-2559EA7A8C38}.Debug|Any CPU.Build.0 = Debug|Any CPU
		{C7BDFC9F-3A23-8B30-EF59-2559EA7A8C38}.Release|Any CPU.ActiveCfg = Release|Any CPU
		{C7BDFC9F-3A23-8B30-EF59-2559EA7A8C38}.Release|Any CPU.Build.0 = Release|Any CPU
	EndGlobalSection
	GlobalSection(SolutionProperties) = preSolution
		HideSolutionNode = FALSE
	EndGlobalSection
	GlobalSection(ExtensibilityGlobals) = postSolution
		SolutionGuid = {E59CE400-5C78-465B-A0AA-DF9EFD690CA6}
	EndGlobalSection
EndGlobal
